
Microsoft Visual Studio Solution File, Format Version 12.00
# Visual Studio Version 17
VisualStudioVersion = 17.8.34511.84
MinimumVisualStudioVersion = 10.0.40219.1
Project("{FAE04EC0-301F-11D3-BF4B-00C04F79EFBC}") = "RickAndMorty_Backend", "RickAndMorty_Backend.csproj", "{B794319E-C2E7-49FA-AD6C-61163995BD51}"
EndProject
Global
	GlobalSection(SolutionConfigurationPlatforms) = preSolution
		Debug|Any CPU = Debug|Any CPU
		Release|Any CPU = Release|Any CPU
	EndGlobalSection
	GlobalSection(ProjectConfigurationPlatforms) = postSolution
		{B794319E-C2E7-49FA-AD6C-61163995BD51}.Debug|Any CPU.ActiveCfg = Debug|Any CPU
		{B794319E-C2E7-49FA-AD6C-61163995BD51}.Debug|Any CPU.Build.0 = Debug|Any CPU
		{B794319E-C2E7-49FA-AD6C-61163995BD51}.Release|Any CPU.ActiveCfg = Release|Any CPU
		{B794319E-C2E7-49FA-AD6C-61163995BD51}.Release|Any CPU.Build.0 = Release|Any CPU
	EndGlobalSection
	GlobalSection(SolutionProperties) = preSolution
		HideSolutionNode = FALSE
	EndGlobalSection
	GlobalSection(ExtensibilityGlobals) = postSolution
		SolutionGuid = {927561F3-AD9C-4FC7-A1CF-BE700ACC036E}
	EndGlobalSection
EndGlobal
